
Microsoft Visual Studio Solution File, Format Version 12.00
# Visual Studio Version 17
VisualStudioVersion = 17.0.32014.148
MinimumVisualStudioVersion = 10.0.40219.1
Project("{FAE04EC0-301F-11D3-BF4B-00C04F79EFBC}") = "Activity8_ContactTracingApp", "Activity8_ContactTracingApp\Activity8_ContactTracingApp.csproj", "{D26B8566-919E-48C0-8AA6-1D40FE447DCC}"
EndProject
Global
	GlobalSection(SolutionConfigurationPlatforms) = preSolution
		Debug|Any CPU = Debug|Any CPU
		Release|Any CPU = Release|Any CPU
	EndGlobalSection
	GlobalSection(ProjectConfigurationPlatforms) = postSolution
		{D26B8566-919E-48C0-8AA6-1D40FE447DCC}.Debug|Any CPU.ActiveCfg = Debug|Any CPU
		{D26B8566-919E-48C0-8AA6-1D40FE447DCC}.Debug|Any CPU.Build.0 = Debug|Any CPU
		{D26B8566-919E-48C0-8AA6-1D40FE447DCC}.Release|Any CPU.ActiveCfg = Release|Any CPU
		{D26B8566-919E-48C0-8AA6-1D40FE447DCC}.Release|Any CPU.Build.0 = Release|Any CPU
	EndGlobalSection
	GlobalSection(SolutionProperties) = preSolution
		HideSolutionNode = FALSE
	EndGlobalSection
	GlobalSection(ExtensibilityGlobals) = postSolution
		SolutionGuid = {455ACA60-0288-43EA-98BD-02CCDADE7E8C}
	EndGlobalSection
EndGlobal
