
Microsoft Visual Studio Solution File, Format Version 12.00
# Visual Studio Version 17
VisualStudioVersion = 17.0.32014.148
MinimumVisualStudioVersion = 10.0.40219.1
Project("{FAE04EC0-301F-11D3-BF4B-00C04F79EFBC}") = "Activity7_PDFResumeCreator", "Activity7_PDFResumeCreator\Activity7_PDFResumeCreator.csproj", "{F7E6701D-1965-4403-9D88-403614E64784}"
EndProject
Global
	GlobalSection(SolutionConfigurationPlatforms) = preSolution
		Debug|Any CPU = Debug|Any CPU
		Release|Any CPU = Release|Any CPU
	EndGlobalSection
	GlobalSection(ProjectConfigurationPlatforms) = postSolution
		{F7E6701D-1965-4403-9D88-403614E64784}.Debug|Any CPU.ActiveCfg = Debug|Any CPU
		{F7E6701D-1965-4403-9D88-403614E64784}.Debug|Any CPU.Build.0 = Debug|Any CPU
		{F7E6701D-1965-4403-9D88-403614E64784}.Release|Any CPU.ActiveCfg = Release|Any CPU
		{F7E6701D-1965-4403-9D88-403614E64784}.Release|Any CPU.Build.0 = Release|Any CPU
	EndGlobalSection
	GlobalSection(SolutionProperties) = preSolution
		HideSolutionNode = FALSE
	EndGlobalSection
	GlobalSection(ExtensibilityGlobals) = postSolution
		SolutionGuid = {C2D25FC7-92B7-498C-8286-85FB31F4DE73}
	EndGlobalSection
EndGlobal
